
Microsoft Visual Studio Solution File, Format Version 12.00
# Visual Studio Version 17
VisualStudioVersion = 17.3.32901.215
MinimumVisualStudioVersion = 10.0.40219.1
Project("{FAE04EC0-301F-11D3-BF4B-00C04F79EFBC}") = "Tarea1", "Tarea1\Tarea1.csproj", "{B323E91A-5344-494B-81B6-8CE57B3D3882}"
EndProject
Global
	GlobalSection(SolutionConfigurationPlatforms) = preSolution
		Debug|Any CPU = Debug|Any CPU
		Release|Any CPU = Release|Any CPU
	EndGlobalSection
	GlobalSection(ProjectConfigurationPlatforms) = postSolution
		{B323E91A-5344-494B-81B6-8CE57B3D3882}.Debug|Any CPU.ActiveCfg = Debug|Any CPU
		{B323E91A-5344-494B-81B6-8CE57B3D3882}.Debug|Any CPU.Build.0 = Debug|Any CPU
		{B323E91A-5344-494B-81B6-8CE57B3D3882}.Release|Any CPU.ActiveCfg = Release|Any CPU
		{B323E91A-5344-494B-81B6-8CE57B3D3882}.Release|Any CPU.Build.0 = Release|Any CPU
	EndGlobalSection
	GlobalSection(SolutionProperties) = preSolution
		HideSolutionNode = FALSE
	EndGlobalSection
	GlobalSection(ExtensibilityGlobals) = postSolution
		SolutionGuid = {9AF0332C-A794-4B1A-8AED-74E681862680}
	EndGlobalSection
EndGlobal
